
Microsoft Visual Studio Solution File, Format Version 12.00
# Visual Studio 15
VisualStudioVersion = 15.0.28307.757
MinimumVisualStudioVersion = 10.0.40219.1
Project("{FAE04EC0-301F-11D3-BF4B-00C04F79EFBC}") = "DemoServer", "DemoServer\DemoServer.csproj", "{7EB0FD33-6C5C-432A-93BB-771D9A9AA369}"
EndProject
Global
	GlobalSection(SolutionConfigurationPlatforms) = preSolution
		Debug|Any CPU = Debug|Any CPU
		Release|Any CPU = Release|Any CPU
	EndGlobalSection
	GlobalSection(ProjectConfigurationPlatforms) = postSolution
		{7EB0FD33-6C5C-432A-93BB-771D9A9AA369}.Debug|Any CPU.ActiveCfg = Debug|Any CPU
		{7EB0FD33-6C5C-432A-93BB-771D9A9AA369}.Debug|Any CPU.Build.0 = Debug|Any CPU
		{7EB0FD33-6C5C-432A-93BB-771D9A9AA369}.Release|Any CPU.ActiveCfg = Release|Any CPU
		{7EB0FD33-6C5C-432A-93BB-771D9A9AA369}.Release|Any CPU.Build.0 = Release|Any CPU
	EndGlobalSection
	GlobalSection(SolutionProperties) = preSolution
		HideSolutionNode = FALSE
	EndGlobalSection
	GlobalSection(ExtensibilityGlobals) = postSolution
		SolutionGuid = {3C5B9CBC-5143-4E83-B2FD-DF2EDCC3519B}
	EndGlobalSection
EndGlobal
